
Microsoft Visual Studio Solution File, Format Version 12.00
# Visual Studio Version 16
VisualStudioVersion = 16.0.31702.278
MinimumVisualStudioVersion = 10.0.40219.1
Project("{FAE04EC0-301F-11D3-BF4B-00C04F79EFBC}") = "Lab6WpfApp", "Lab6WpfApp\Lab6WpfApp.csproj", "{635E97ED-4DAC-415D-9D9B-59B6D4F13574}"
EndProject
Global
	GlobalSection(SolutionConfigurationPlatforms) = preSolution
		Debug|Any CPU = Debug|Any CPU
		Release|Any CPU = Release|Any CPU
	EndGlobalSection
	GlobalSection(ProjectConfigurationPlatforms) = postSolution
		{635E97ED-4DAC-415D-9D9B-59B6D4F13574}.Debug|Any CPU.ActiveCfg = Debug|Any CPU
		{635E97ED-4DAC-415D-9D9B-59B6D4F13574}.Debug|Any CPU.Build.0 = Debug|Any CPU
		{635E97ED-4DAC-415D-9D9B-59B6D4F13574}.Release|Any CPU.ActiveCfg = Release|Any CPU
		{635E97ED-4DAC-415D-9D9B-59B6D4F13574}.Release|Any CPU.Build.0 = Release|Any CPU
	EndGlobalSection
	GlobalSection(SolutionProperties) = preSolution
		HideSolutionNode = FALSE
	EndGlobalSection
	GlobalSection(ExtensibilityGlobals) = postSolution
		SolutionGuid = {24B7307F-E509-4A3E-A17C-372CFD4FBF25}
	EndGlobalSection
EndGlobal
